
Microsoft Visual Studio Solution File, Format Version 12.00
Project("{FAE04EC0-301F-11D3-BF4B-00C04F79EFBC}") = "Feli.RocketMod.Teleporting", "Feli.RocketMod.Teleporting\Feli.RocketMod.Teleporting.csproj", "{795C0322-F7CE-4896-B0E7-09B37D0F8440}"
EndProject
Global
	GlobalSection(SolutionConfigurationPlatforms) = preSolution
		Debug|Any CPU = Debug|Any CPU
		Release|Any CPU = Release|Any CPU
	EndGlobalSection
	GlobalSection(ProjectConfigurationPlatforms) = postSolution
		{795C0322-F7CE-4896-B0E7-09B37D0F8440}.Debug|Any CPU.ActiveCfg = Debug|Any CPU
		{795C0322-F7CE-4896-B0E7-09B37D0F8440}.Debug|Any CPU.Build.0 = Debug|Any CPU
		{795C0322-F7CE-4896-B0E7-09B37D0F8440}.Release|Any CPU.ActiveCfg = Release|Any CPU
		{795C0322-F7CE-4896-B0E7-09B37D0F8440}.Release|Any CPU.Build.0 = Release|Any CPU
	EndGlobalSection
EndGlobal
